{
  "name": "staked-read-only-fork-tools",
  "version": "1.0.0",
  "lockfileVersion": 3,
  "requires": true,
  "packages": {
    "": {
      "name": "staked-read-only-fork-tools",
      "version": "1.0.0",
      "dependencies": {
        "@foundry-rs/anvil-linux-amd64": "1.7.1"
      }
    },
    "node_modules/@foundry-rs/anvil-linux-amd64": {
      "version": "1.7.1",
      "resolved": "https://registry.npmjs.org/@foundry-rs/anvil-linux-amd64/-/anvil-linux-amd64-1.7.1.tgz",
      "integrity": "sha512-+XmShybEaxfCrr0OUUZwYEy2OnYZt5pHH9TzBtLv3+VrK0O/ANuNSVEahqNhKHlgX7GRJ59383ofNhxkRWIYTg==",
      "cpu": [
        "x64"
      ],
      "license": "MIT OR Apache-2.0",
      "os": [
        "linux"
      ],
      "bin": {
        "anvil": "bin/anvil"
      },
      "engines": {
        "node": ">=20"
      }
    }
  }
}
